
Microsoft Visual Studio Solution File, Format Version 12.00
# Visual Studio Version 17
VisualStudioVersion = 17.10.35013.160
MinimumVisualStudioVersion = 10.0.40219.1
Project("{FAE04EC0-301F-11D3-BF4B-00C04F79EFBC}") = "API A", "API A.csproj", "{DA365783-5E2C-46FA-A0E2-0F5C64DA7DF6}"
EndProject
Global
	GlobalSection(SolutionConfigurationPlatforms) = preSolution
		Debug|Any CPU = Debug|Any CPU
		Release|Any CPU = Release|Any CPU
	EndGlobalSection
	GlobalSection(ProjectConfigurationPlatforms) = postSolution
		{DA365783-5E2C-46FA-A0E2-0F5C64DA7DF6}.Debug|Any CPU.ActiveCfg = Debug|Any CPU
		{DA365783-5E2C-46FA-A0E2-0F5C64DA7DF6}.Debug|Any CPU.Build.0 = Debug|Any CPU
		{DA365783-5E2C-46FA-A0E2-0F5C64DA7DF6}.Release|Any CPU.ActiveCfg = Release|Any CPU
		{DA365783-5E2C-46FA-A0E2-0F5C64DA7DF6}.Release|Any CPU.Build.0 = Release|Any CPU
	EndGlobalSection
	GlobalSection(SolutionProperties) = preSolution
		HideSolutionNode = FALSE
	EndGlobalSection
	GlobalSection(ExtensibilityGlobals) = postSolution
		SolutionGuid = {CDD4CC8B-D557-4600-A698-C26149137686}
	EndGlobalSection
EndGlobal
